// !$*UTF8*$!
{
	archiveVersion = 1;
	classes = {
	};
	objectVersion = 56;
	objects = {

/* Begin PBXBuildFile section */
		2C1856582A89139800AC0DAA /* printifyApp.swift in Sources */ = {isa = PBXBuildFile; fileRef = 2C1856572A89139800AC0DAA /* printifyApp.swift */; };
		2C18565A2A89139800AC0DAA /* ScreenCaptureView.swift in Sources */ = {isa = PBXBuildFile; fileRef = 2C1856592A89139800AC0DAA /* ScreenCaptureView.swift */; };
		2C18565C2A89139900AC0DAA /* Assets.xcassets in Resources */ = {isa = PBXBuildFile; fileRef = 2C18565B2A89139900AC0DAA /* Assets.xcassets */; };
		2C18565F2A89139900AC0DAA /* Preview Assets.xcassets in Resources */ = {isa = PBXBuildFile; fileRef = 2C18565E2A89139900AC0DAA /* Preview Assets.xcassets */; };
		2C18566A2A89139900AC0DAA /* printifyTests.swift in Sources */ = {isa = PBXBuildFile; fileRef = 2C1856692A89139900AC0DAA /* printifyTests.swift */; };
		2C1A33312A9C77B300DAEB5D /* ScreenCaptureViewModel.swift in Sources */ = {isa = PBXBuildFile; fileRef = 2C1A33302A9C77B300DAEB5D /* ScreenCaptureViewModel.swift */; };
		2CC15CA02AE36F7300624A25 /* HotKey in Frameworks */ = {isa = PBXBuildFile; productRef = 2CC15C9F2AE36F7300624A25 /* HotKey */; };
		2CD80A8B2A92FFC60082EF80 /* ToggleView.swift in Sources */ = {isa = PBXBuildFile; fileRef = 2CD80A8A2A92FFC60082EF80 /* ToggleView.swift */; };
		2CED09902B2E8BE1002D0BA1 /* LaunchAtLogin in Frameworks */ = {isa = PBXBuildFile; productRef = 2CED098F2B2E8BE1002D0BA1 /* LaunchAtLogin */; };
/* End PBXBuildFile section */

/* Begin PBXContainerItemProxy section */
		2C1856662A89139900AC0DAA /* PBXContainerItemProxy */ = {
			isa = PBXContainerItemProxy;
			containerPortal = 2C18564C2A89139800AC0DAA /* Project object */;
			proxyType = 1;
			remoteGlobalIDString = 2C1856532A89139800AC0DAA;
			remoteInfo = printify;
		};
		2C1856702A89139900AC0DAA /* PBXContainerItemProxy */ = {
			isa = PBXContainerItemProxy;
			containerPortal = 2C18564C2A89139800AC0DAA /* Project object */;
			proxyType = 1;
			remoteGlobalIDString = 2C1856532A89139800AC0DAA;
			remoteInfo = printify;
		};
/* End PBXContainerItemProxy section */

/* Begin PBXFileReference section */
		2C1856542A89139800AC0DAA /* printify.app */ = {isa = PBXFileReference; explicitFileType = wrapper.application; includeInIndex = 0; path = printify.app; sourceTree = BUILT_PRODUCTS_DIR; };
		2C1856572A89139800AC0DAA /* printifyApp.swift */ = {isa = PBXFileReference; lastKnownFileType = sourcecode.swift; path = printifyApp.swift; sourceTree = "<group>"; };
		2C1856592A89139800AC0DAA /* ScreenCaptureView.swift */ = {isa = PBXFileReference; lastKnownFileType = sourcecode.swift; path = ScreenCaptureView.swift; sourceTree = "<group>"; };
		2C18565B2A89139900AC0DAA /* Assets.xcassets */ = {isa = PBXFileReference; lastKnownFileType = folder.assetcatalog; path = Assets.xcassets; sourceTree = "<group>"; };
		2C18565E2A89139900AC0DAA /* Preview Assets.xcassets */ = {isa = PBXFileReference; lastKnownFileType = folder.assetcatalog; path = "Preview Assets.xcassets"; sourceTree = "<group>"; };
		2C1856602A89139900AC0DAA /* printify.entitlements */ = {isa = PBXFileReference; lastKnownFileType = text.plist.entitlements; path = printify.entitlements; sourceTree = "<group>"; };
		2C1856652A89139900AC0DAA /* printifyTests.xctest */ = {isa = PBXFileReference; explicitFileType = wrapper.cfbundle; includeInIndex = 0; path = printifyTests.xctest; sourceTree = BUILT_PRODUCTS_DIR; };
		2C1856692A89139900AC0DAA /* printifyTests.swift */ = {isa = PBXFileReference; lastKnownFileType = sourcecode.swift; path = printifyTests.swift; sourceTree = "<group>"; };
		2C18566F2A89139900AC0DAA /* printifyUITests.xctest */ = {isa = PBXFileReference; explicitFileType = wrapper.cfbundle; includeInIndex = 0; path = printifyUITests.xctest; sourceTree = BUILT_PRODUCTS_DIR; };
		2C1A33302A9C77B300DAEB5D /* ScreenCaptureViewModel.swift */ = {isa = PBXFileReference; lastKnownFileType = sourcecode.swift; path = ScreenCaptureViewModel.swift; sourceTree = "<group>"; };
		2CD80A8A2A92FFC60082EF80 /* ToggleView.swift */ = {isa = PBXFileReference; lastKnownFileType = sourcecode.swift; path = ToggleView.swift; sourceTree = "<group>"; };
/* End PBXFileReference section */

/* Begin PBXFrameworksBuildPhase section */
		2C1856512A89139800AC0DAA /* Frameworks */ = {
			isa = PBXFrameworksBuildPhase;
			buildActionMask = 2147483647;
			files = (
				2CED09902B2E8BE1002D0BA1 /* LaunchAtLogin in Frameworks */,
				2CC15CA02AE36F7300624A25 /* HotKey in Frameworks */,
			);
			runOnlyForDeploymentPostprocessing = 0;
		};
		2C1856622A89139900AC0DAA /* Frameworks */ = {
			isa = PBXFrameworksBuildPhase;
			buildActionMask = 2147483647;
			files = (
			);
			runOnlyForDeploymentPostprocessing = 0;
		};
		2C18566C2A89139900AC0DAA /* Frameworks */ = {
			isa = PBXFrameworksBuildPhase;
			buildActionMask = 2147483647;
			files = (
			);
			runOnlyForDeploymentPostprocessing = 0;
		};
/* End PBXFrameworksBuildPhase section */

/* Begin PBXGroup section */
		2C18564B2A89139800AC0DAA = {
			isa = PBXGroup;
			children = (
				2C1856562A89139800AC0DAA /* printify */,
				2C1856682A89139900AC0DAA /* printifyTests */,
				2C1856552A89139800AC0DAA /* Products */,
			);
			sourceTree = "<group>";
		};
		2C1856552A89139800AC0DAA /* Products */ = {
			isa = PBXGroup;
			children = (
				2C1856542A89139800AC0DAA /* printify.app */,
				2C1856652A89139900AC0DAA /* printifyTests.xctest */,
				2C18566F2A89139900AC0DAA /* printifyUITests.xctest */,
			);
			name = Products;
			sourceTree = "<group>";
		};
		2C1856562A89139800AC0DAA /* printify */ = {
			isa = PBXGroup;
			children = (
				2C1856572A89139800AC0DAA /* printifyApp.swift */,
				2C1856592A89139800AC0DAA /* ScreenCaptureView.swift */,
				2C1A33302A9C77B300DAEB5D /* ScreenCaptureViewModel.swift */,
				2CD80A892A92FFB10082EF80 /* Helpers */,
				2C18565B2A89139900AC0DAA /* Assets.xcassets */,
				2C1856602A89139900AC0DAA /* printify.entitlements */,
				2C18565D2A89139900AC0DAA /* Preview Content */,
			);
			path = printify;
			sourceTree = "<group>";
		};
		2C18565D2A89139900AC0DAA /* Preview Content */ = {
			isa = PBXGroup;
			children = (
				2C18565E2A89139900AC0DAA /* Preview Assets.xcassets */,
			);
			path = "Preview Content";
			sourceTree = "<group>";
		};
		2C1856682A89139900AC0DAA /* printifyTests */ = {
			isa = PBXGroup;
			children = (
				2C1856692A89139900AC0DAA /* printifyTests.swift */,
			);
			path = printifyTests;
			sourceTree = "<group>";
		};
		2CD80A892A92FFB10082EF80 /* Helpers */ = {
			isa = PBXGroup;
			children = (
				2CD80A8A2A92FFC60082EF80 /* ToggleView.swift */,
			);
			path = Helpers;
			sourceTree = "<group>";
		};
/* End PBXGroup section */

/* Begin PBXNativeTarget section */
		2C1856532A89139800AC0DAA /* printify */ = {
			isa = PBXNativeTarget;
			buildConfigurationList = 2C1856792A89139900AC0DAA /* Build configuration list for PBXNativeTarget "printify" */;
			buildPhases = (
				2C1856502A89139800AC0DAA /* Sources */,
				2C1856512A89139800AC0DAA /* Frameworks */,
				2C1856522A89139800AC0DAA /* Resources */,
			);
			buildRules = (
			);
			dependencies = (
			);
			name = printify;
			packageProductDependencies = (
				2CC15C9F2AE36F7300624A25 /* HotKey */,
				2CED098F2B2E8BE1002D0BA1 /* LaunchAtLogin */,
			);
			productName = printify;
			productReference = 2C1856542A89139800AC0DAA /* printify.app */;
			productType = "com.apple.product-type.application";
		};
		2C1856642A89139900AC0DAA /* printifyTests */ = {
			isa = PBXNativeTarget;
			buildConfigurationList = 2C18567C2A89139900AC0DAA /* Build configuration list for PBXNativeTarget "printifyTests" */;
			buildPhases = (
				2C1856612A89139900AC0DAA /* Sources */,
				2C1856622A89139900AC0DAA /* Frameworks */,
				2C1856632A89139900AC0DAA /* Resources */,
			);
			buildRules = (
			);
			dependencies = (
				2C1856672A89139900AC0DAA /* PBXTargetDependency */,
			);
			name = printifyTests;
			productName = printifyTests;
			productReference = 2C1856652A89139900AC0DAA /* printifyTests.xctest */;
			productType = "com.apple.product-type.bundle.unit-test";
		};
		2C18566E2A89139900AC0DAA /* printifyUITests */ = {
			isa = PBXNativeTarget;
			buildConfigurationList = 2C18567F2A89139900AC0DAA /* Build configuration list for PBXNativeTarget "printifyUITests" */;
			buildPhases = (
				2C18566B2A89139900AC0DAA /* Sources */,
				2C18566C2A89139900AC0DAA /* Frameworks */,
				2C18566D2A89139900AC0DAA /* Resources */,
			);
			buildRules = (
			);
			dependencies = (
				2C1856712A89139900AC0DAA /* PBXTargetDependency */,
			);
			name = printifyUITests;
			productName = printifyUITests;
			productReference = 2C18566F2A89139900AC0DAA /* printifyUITests.xctest */;
			productType = "com.apple.product-type.bundle.ui-testing";
		};
/* End PBXNativeTarget section */

/* Begin PBXProject section */
		2C18564C2A89139800AC0DAA /* Project object */ = {
			isa = PBXProject;
			attributes = {
				BuildIndependentTargetsInParallel = 1;
				LastSwiftUpdateCheck = 1430;
				LastUpgradeCheck = 1430;
				TargetAttributes = {
					2C1856532A89139800AC0DAA = {
						CreatedOnToolsVersion = 14.3.1;
					};
					2C1856642A89139900AC0DAA = {
						CreatedOnToolsVersion = 14.3.1;
						TestTargetID = 2C1856532A89139800AC0DAA;
					};
					2C18566E2A89139900AC0DAA = {
						CreatedOnToolsVersion = 14.3.1;
						TestTargetID = 2C1856532A89139800AC0DAA;
					};
				};
			};
			buildConfigurationList = 2C18564F2A89139800AC0DAA /* Build configuration list for PBXProject "printify" */;
			compatibilityVersion = "Xcode 14.0";
			developmentRegion = en;
			hasScannedForEncodings = 0;
			knownRegions = (
				en,
				Base,
			);
			mainGroup = 2C18564B2A89139800AC0DAA;
			packageReferences = (
				2CC15C9E2AE36F7300624A25 /* XCRemoteSwiftPackageReference "HotKey" */,
				2CED098E2B2E8BE1002D0BA1 /* XCRemoteSwiftPackageReference "LaunchAtLogin-Modern" */,
			);
			productRefGroup = 2C1856552A89139800AC0DAA /* Products */;
			projectDirPath = "";
			projectRoot = "";
			targets = (
				2C1856532A89139800AC0DAA /* printify */,
				2C1856642A89139900AC0DAA /* printifyTests */,
				2C18566E2A89139900AC0DAA /* printifyUITests */,
			);
		};
/* End PBXProject section */

/* Begin PBXResourcesBuildPhase section */
		2C1856522A89139800AC0DAA /* Resources */ = {
			isa = PBXResourcesBuildPhase;
			buildActionMask = 2147483647;
			files = (
				2C18565F2A89139900AC0DAA /* Preview Assets.xcassets in Resources */,
				2C18565C2A89139900AC0DAA /* Assets.xcassets in Resources */,
			);
			runOnlyForDeploymentPostprocessing = 0;
		};
		2C1856632A89139900AC0DAA /* Resources */ = {
			isa = PBXResourcesBuildPhase;
			buildActionMask = 2147483647;
			files = (
			);
			runOnlyForDeploymentPostprocessing = 0;
		};
		2C18566D2A89139900AC0DAA /* Resources */ = {
			isa = PBXResourcesBuildPhase;
			buildActionMask = 2147483647;
			files = (
			);
			runOnlyForDeploymentPostprocessing = 0;
		};
/* End PBXResourcesBuildPhase section */

/* Begin PBXSourcesBuildPhase section */
		2C1856502A89139800AC0DAA /* Sources */ = {
			isa = PBXSourcesBuildPhase;
			buildActionMask = 2147483647;
			files = (
				2C18565A2A89139800AC0DAA /* ScreenCaptureView.swift in Sources */,
				2CD80A8B2A92FFC60082EF80 /* ToggleView.swift in Sources */,
				2C1856582A89139800AC0DAA /* printifyApp.swift in Sources */,
				2C1A33312A9C77B300DAEB5D /* ScreenCaptureViewModel.swift in Sources */,
			);
			runOnlyForDeploymentPostprocessing = 0;
		};
		2C1856612A89139900AC0DAA /* Sources */ = {
			isa = PBXSourcesBuildPhase;
			buildActionMask = 2147483647;
			files = (
				2C18566A2A89139900AC0DAA /* printifyTests.swift in Sources */,
			);
			runOnlyForDeploymentPostprocessing = 0;
		};
		2C18566B2A89139900AC0DAA /* Sources */ = {
			isa = PBXSourcesBuildPhase;
			buildActionMask = 2147483647;
			files = (
			);
			runOnlyForDeploymentPostprocessing = 0;
		};
/* End PBXSourcesBuildPhase section */

/* Begin PBXTargetDependency section */
		2C1856672A89139900AC0DAA /* PBXTargetDependency */ = {
			isa = PBXTargetDependency;
			target = 2C1856532A89139800AC0DAA /* printify */;
			targetProxy = 2C1856662A89139900AC0DAA /* PBXContainerItemProxy */;
		};
		2C1856712A89139900AC0DAA /* PBXTargetDependency */ = {
			isa = PBXTargetDependency;
			target = 2C1856532A89139800AC0DAA /* printify */;
			targetProxy = 2C1856702A89139900AC0DAA /* PBXContainerItemProxy */;
		};
/* End PBXTargetDependency section */

/* Begin XCBuildConfiguration section */
		2C1856772A89139900AC0DAA /* Debug */ = {
			isa = XCBuildConfiguration;
			buildSettings = {
				ALWAYS_SEARCH_USER_PATHS = NO;
				CLANG_ANALYZER_NONNULL = YES;
				CLANG_ANALYZER_NUMBER_OBJECT_CONVERSION = YES_AGGRESSIVE;
				CLANG_CXX_LANGUAGE_STANDARD = "gnu++20";
				CLANG_ENABLE_MODULES = YES;
				CLANG_ENABLE_OBJC_ARC = YES;
				CLANG_ENABLE_OBJC_WEAK = YES;
				CLANG_WARN_BLOCK_CAPTURE_AUTORELEASING = YES;
				CLANG_WARN_BOOL_CONVERSION = YES;
				CLANG_WARN_COMMA = YES;
				CLANG_WARN_CONSTANT_CONVERSION = YES;
				CLANG_WARN_DEPRECATED_OBJC_IMPLEMENTATIONS = YES;
				CLANG_WARN_DIRECT_OBJC_ISA_USAGE = YES_ERROR;
				CLANG_WARN_DOCUMENTATION_COMMENTS = YES;
				CLANG_WARN_EMPTY_BODY = YES;
				CLANG_WARN_ENUM_CONVERSION = YES;
				CLANG_WARN_INFINITE_RECURSION = YES;
				CLANG_WARN_INT_CONVERSION = YES;
				CLANG_WARN_NON_LITERAL_NULL_CONVERSION = YES;
				CLANG_WARN_OBJC_IMPLICIT_RETAIN_SELF = YES;
				CLANG_WARN_OBJC_LITERAL_CONVERSION = YES;
				CLANG_WARN_OBJC_ROOT_CLASS = YES_ERROR;
				CLANG_WARN_QUOTED_INCLUDE_IN_FRAMEWORK_HEADER = YES;
				CLANG_WARN_RANGE_LOOP_ANALYSIS = YES;
				CLANG_WARN_STRICT_PROTOTYPES = YES;
				CLANG_WARN_SUSPICIOUS_MOVE = YES;
				CLANG_WARN_UNGUARDED_AVAILABILITY = YES_AGGRESSIVE;
				CLANG_WARN_UNREACHABLE_CODE = YES;
				CLANG_WARN__DUPLICATE_METHOD_MATCH = YES;
				COPY_PHASE_STRIP = NO;
				DEBUG_INFORMATION_FORMAT = dwarf;
				ENABLE_STRICT_OBJC_MSGSEND = YES;
				ENABLE_TESTABILITY = YES;
				GCC_C_LANGUAGE_STANDARD = gnu11;
				GCC_DYNAMIC_NO_PIC = NO;
				GCC_NO_COMMON_BLOCKS = YES;
				GCC_OPTIMIZATION_LEVEL = 0;
				GCC_PREPROCESSOR_DEFINITIONS = (
					"DEBUG=1",
					"$(inherited)",
				);
				GCC_WARN_64_TO_32_BIT_CONVERSION = YES;
				GCC_WARN_ABOUT_RETURN_TYPE = YES_ERROR;
				GCC_WARN_UNDECLARED_SELECTOR = YES;
				GCC_WARN_UNINITIALIZED_AUTOS = YES_AGGRESSIVE;
				GCC_WARN_UNUSED_FUNCTION = YES;
				GCC_WARN_UNUSED_VARIABLE = YES;
				INFOPLIST_KEY_LSBackgroundOnly = NO;
				MACOSX_DEPLOYMENT_TARGET = 13.3;
				MTL_ENABLE_DEBUG_INFO = INCLUDE_SOURCE;
				MTL_FAST_MATH = YES;
				ONLY_ACTIVE_ARCH = YES;
				SDKROOT = macosx;
				SWIFT_ACTIVE_COMPILATION_CONDITIONS = DEBUG;
				SWIFT_OPTIMIZATION_LEVEL = "-Onone";
			};
			name = Debug;
		};
		2C1856782A89139900AC0DAA /* Release */ = {
			isa = XCBuildConfiguration;
			buildSettings = {
				ALWAYS_SEARCH_USER_PATHS = NO;
				CLANG_ANALYZER_NONNULL = YES;
				CLANG_ANALYZER_NUMBER_OBJECT_CONVERSION = YES_AGGRESSIVE;
				CLANG_CXX_LANGUAGE_STANDARD = "gnu++20";
				CLANG_ENABLE_MODULES = YES;
				CLANG_ENABLE_OBJC_ARC = YES;
				CLANG_ENABLE_OBJC_WEAK = YES;
				CLANG_WARN_BLOCK_CAPTURE_AUTORELEASING = YES;
				CLANG_WARN_BOOL_CONVERSION = YES;
				CLANG_WARN_COMMA = YES;
				CLANG_WARN_CONSTANT_CONVERSION = YES;
				CLANG_WARN_DEPRECATED_OBJC_IMPLEMENTATIONS = YES;
				CLANG_WARN_DIRECT_OBJC_ISA_USAGE = YES_ERROR;
				CLANG_WARN_DOCUMENTATION_COMMENTS = YES;
				CLANG_WARN_EMPTY_BODY = YES;
				CLANG_WARN_ENUM_CONVERSION = YES;
				CLANG_WARN_INFINITE_RECURSION = YES;
				CLANG_WARN_INT_CONVERSION = YES;
				CLANG_WARN_NON_LITERAL_NULL_CONVERSION = YES;
				CLANG_WARN_OBJC_IMPLICIT_RETAIN_SELF = YES;
				CLANG_WARN_OBJC_LITERAL_CONVERSION = YES;
				CLANG_WARN_OBJC_ROOT_CLASS = YES_ERROR;
				CLANG_WARN_QUOTED_INCLUDE_IN_FRAMEWORK_HEADER = YES;
				CLANG_WARN_RANGE_LOOP_ANALYSIS = YES;
				CLANG_WARN_STRICT_PROTOTYPES = YES;
				CLANG_WARN_SUSPICIOUS_MOVE = YES;
				CLANG_WARN_UNGUARDED_AVAILABILITY = YES_AGGRESSIVE;
				CLANG_WARN_UNREACHABLE_CODE = YES;
				CLANG_WARN__DUPLICATE_METHOD_MATCH = YES;
				COPY_PHASE_STRIP = NO;
				DEBUG_INFORMATION_FORMAT = "dwarf-with-dsym";
				ENABLE_NS_ASSERTIONS = NO;
				ENABLE_STRICT_OBJC_MSGSEND = YES;
				GCC_C_LANGUAGE_STANDARD = gnu11;
				GCC_NO_COMMON_BLOCKS = YES;
				GCC_WARN_64_TO_32_BIT_CONVERSION = YES;
				GCC_WARN_ABOUT_RETURN_TYPE = YES_ERROR;
				GCC_WARN_UNDECLARED_SELECTOR = YES;
				GCC_WARN_UNINITIALIZED_AUTOS = YES_AGGRESSIVE;
				GCC_WARN_UNUSED_FUNCTION = YES;
				GCC_WARN_UNUSED_VARIABLE = YES;
				INFOPLIST_KEY_LSBackgroundOnly = NO;
				MACOSX_DEPLOYMENT_TARGET = 13.3;
				MTL_ENABLE_DEBUG_INFO = NO;
				MTL_FAST_MATH = YES;
				SDKROOT = macosx;
				SWIFT_COMPILATION_MODE = wholemodule;
				SWIFT_OPTIMIZATION_LEVEL = "-O";
			};
			name = Release;
		};
		2C18567A2A89139900AC0DAA /* Debug */ = {
			isa = XCBuildConfiguration;
			buildSettings = {
				ASSETCATALOG_COMPILER_APPICON_NAME = AppIcon;
				ASSETCATALOG_COMPILER_GLOBAL_ACCENT_COLOR_NAME = AccentColor;
				CODE_SIGN_ENTITLEMENTS = printify/printify.entitlements;
				CODE_SIGN_STYLE = Automatic;
				COMBINE_HIDPI_IMAGES = YES;
				CURRENT_PROJECT_VERSION = 1;
				DEVELOPMENT_ASSET_PATHS = "\"printify/Preview Content\"";
				DEVELOPMENT_TEAM = PC54W6AZY7;
				ENABLE_HARDENED_RUNTIME = YES;
				ENABLE_PREVIEWS = YES;
				GENERATE_INFOPLIST_FILE = YES;
				INFOPLIST_KEY_LSUIElement = YES;
				INFOPLIST_KEY_NSHumanReadableCopyright = "";
				LD_RUNPATH_SEARCH_PATHS = (
					"$(inherited)",
					"@executable_path/../Frameworks",
				);
				MARKETING_VERSION = 1.0;
				PRODUCT_BUNDLE_IDENTIFIER = "com.vincent-larisma.printify";
				PRODUCT_NAME = "$(TARGET_NAME)";
				SWIFT_EMIT_LOC_STRINGS = YES;
				SWIFT_VERSION = 5.0;
			};
			name = Debug;
		};
		2C18567B2A89139900AC0DAA /* Release */ = {
			isa = XCBuildConfiguration;
			buildSettings = {
				ASSETCATALOG_COMPILER_APPICON_NAME = AppIcon;
				ASSETCATALOG_COMPILER_GLOBAL_ACCENT_COLOR_NAME = AccentColor;
				CODE_SIGN_ENTITLEMENTS = printify/printify.entitlements;
				CODE_SIGN_STYLE = Automatic;
				COMBINE_HIDPI_IMAGES = YES;
				CURRENT_PROJECT_VERSION = 1;
				DEVELOPMENT_ASSET_PATHS = "\"printify/Preview Content\"";
				DEVELOPMENT_TEAM = PC54W6AZY7;
				ENABLE_HARDENED_RUNTIME = YES;
				ENABLE_PREVIEWS = YES;
				GENERATE_INFOPLIST_FILE = YES;
				INFOPLIST_KEY_LSUIElement = YES;
				INFOPLIST_KEY_NSHumanReadableCopyright = "";
				LD_RUNPATH_SEARCH_PATHS = (
					"$(inherited)",
					"@executable_path/../Frameworks",
				);
				MARKETING_VERSION = 1.0;
				PRODUCT_BUNDLE_IDENTIFIER = "com.vincent-larisma.printify";
				PRODUCT_NAME = "$(TARGET_NAME)";
				SWIFT_EMIT_LOC_STRINGS = YES;
				SWIFT_VERSION = 5.0;
			};
			name = Release;
		};
		2C18567D2A89139900AC0DAA /* Debug */ = {
			isa = XCBuildConfiguration;
			buildSettings = {
				ALWAYS_EMBED_SWIFT_STANDARD_LIBRARIES = YES;
				BUNDLE_LOADER = "$(TEST_HOST)";
				CODE_SIGN_STYLE = Automatic;
				CURRENT_PROJECT_VERSION = 1;
				DEVELOPMENT_TEAM = PC54W6AZY7;
				GENERATE_INFOPLIST_FILE = YES;
				MACOSX_DEPLOYMENT_TARGET = 13.3;
				MARKETING_VERSION = 1.0;
				PRODUCT_BUNDLE_IDENTIFIER = "com.vincent-larisma.printifyTests";
				PRODUCT_NAME = "$(TARGET_NAME)";
				SWIFT_EMIT_LOC_STRINGS = NO;
				SWIFT_VERSION = 5.0;
				TEST_HOST = "$(BUILT_PRODUCTS_DIR)/printify.app/$(BUNDLE_EXECUTABLE_FOLDER_PATH)/printify";
			};
			name = Debug;
		};
		2C18567E2A89139900AC0DAA /* Release */ = {
			isa = XCBuildConfiguration;
			buildSettings = {
				ALWAYS_EMBED_SWIFT_STANDARD_LIBRARIES = YES;
				BUNDLE_LOADER = "$(TEST_HOST)";
				CODE_SIGN_STYLE = Automatic;
				CURRENT_PROJECT_VERSION = 1;
				DEVELOPMENT_TEAM = PC54W6AZY7;
				GENERATE_INFOPLIST_FILE = YES;
				MACOSX_DEPLOYMENT_TARGET = 13.3;
				MARKETING_VERSION = 1.0;
				PRODUCT_BUNDLE_IDENTIFIER = "com.vincent-larisma.printifyTests";
				PRODUCT_NAME = "$(TARGET_NAME)";
				SWIFT_EMIT_LOC_STRINGS = NO;
				SWIFT_VERSION = 5.0;
				TEST_HOST = "$(BUILT_PRODUCTS_DIR)/printify.app/$(BUNDLE_EXECUTABLE_FOLDER_PATH)/printify";
			};
			name = Release;
		};
		2C1856802A89139900AC0DAA /* Debug */ = {
			isa = XCBuildConfiguration;
			buildSettings = {
				ALWAYS_EMBED_SWIFT_STANDARD_LIBRARIES = YES;
				CODE_SIGN_STYLE = Automatic;
				CURRENT_PROJECT_VERSION = 1;
				DEVELOPMENT_TEAM = PC54W6AZY7;
				GENERATE_INFOPLIST_FILE = YES;
				MARKETING_VERSION = 1.0;
				PRODUCT_BUNDLE_IDENTIFIER = "com.vincent-larisma.printifyUITests";
				PRODUCT_NAME = "$(TARGET_NAME)";
				SWIFT_EMIT_LOC_STRINGS = NO;
				SWIFT_VERSION = 5.0;
				TEST_TARGET_NAME = printify;
			};
			name = Debug;
		};
		2C1856812A89139900AC0DAA /* Release */ = {
			isa = XCBuildConfiguration;
			buildSettings = {
				ALWAYS_EMBED_SWIFT_STANDARD_LIBRARIES = YES;
				CODE_SIGN_STYLE = Automatic;
				CURRENT_PROJECT_VERSION = 1;
				DEVELOPMENT_TEAM = PC54W6AZY7;
				GENERATE_INFOPLIST_FILE = YES;
				MARKETING_VERSION = 1.0;
				PRODUCT_BUNDLE_IDENTIFIER = "com.vincent-larisma.printifyUITests";
				PRODUCT_NAME = "$(TARGET_NAME)";
				SWIFT_EMIT_LOC_STRINGS = NO;
				SWIFT_VERSION = 5.0;
				TEST_TARGET_NAME = printify;
			};
			name = Release;
		};
/* End XCBuildConfiguration section */

/* Begin XCConfigurationList section */
		2C18564F2A89139800AC0DAA /* Build configuration list for PBXProject "printify" */ = {
			isa = XCConfigurationList;
			buildConfigurations = (
				2C1856772A89139900AC0DAA /* Debug */,
				2C1856782A89139900AC0DAA /* Release */,
			);
			defaultConfigurationIsVisible = 0;
			defaultConfigurationName = Release;
		};
		2C1856792A89139900AC0DAA /* Build configuration list for PBXNativeTarget "printify" */ = {
			isa = XCConfigurationList;
			buildConfigurations = (
				2C18567A2A89139900AC0DAA /* Debug */,
				2C18567B2A89139900AC0DAA /* Release */,
			);
			defaultConfigurationIsVisible = 0;
			defaultConfigurationName = Release;
		};
		2C18567C2A89139900AC0DAA /* Build configuration list for PBXNativeTarget "printifyTests" */ = {
			isa = XCConfigurationList;
			buildConfigurations = (
				2C18567D2A89139900AC0DAA /* Debug */,
				2C18567E2A89139900AC0DAA /* Release */,
			);
			defaultConfigurationIsVisible = 0;
			defaultConfigurationName = Release;
		};
		2C18567F2A89139900AC0DAA /* Build configuration list for PBXNativeTarget "printifyUITests" */ = {
			isa = XCConfigurationList;
			buildConfigurations = (
				2C1856802A89139900AC0DAA /* Debug */,
				2C1856812A89139900AC0DAA /* Release */,
			);
			defaultConfigurationIsVisible = 0;
			defaultConfigurationName = Release;
		};
/* End XCConfigurationList section */

/* Begin XCRemoteSwiftPackageReference section */
		2CC15C9E2AE36F7300624A25 /* XCRemoteSwiftPackageReference "HotKey" */ = {
			isa = XCRemoteSwiftPackageReference;
			repositoryURL = "https://github.com/soffes/HotKey";
			requirement = {
				branch = main;
				kind = branch;
			};
		};
		2CED098E2B2E8BE1002D0BA1 /* XCRemoteSwiftPackageReference "LaunchAtLogin-Modern" */ = {
			isa = XCRemoteSwiftPackageReference;
			repositoryURL = "https://github.com/sindresorhus/LaunchAtLogin-Modern";
			requirement = {
				branch = main;
				kind = branch;
			};
		};
/* End XCRemoteSwiftPackageReference section */

/* Begin XCSwiftPackageProductDependency section */
		2CC15C9F2AE36F7300624A25 /* HotKey */ = {
			isa = XCSwiftPackageProductDependency;
			package = 2CC15C9E2AE36F7300624A25 /* XCRemoteSwiftPackageReference "HotKey" */;
			productName = HotKey;
		};
		2CED098F2B2E8BE1002D0BA1 /* LaunchAtLogin */ = {
			isa = XCSwiftPackageProductDependency;
			package = 2CED098E2B2E8BE1002D0BA1 /* XCRemoteSwiftPackageReference "LaunchAtLogin-Modern" */;
			productName = LaunchAtLogin;
		};
/* End XCSwiftPackageProductDependency section */
	};
	rootObject = 2C18564C2A89139800AC0DAA /* Project object */;
}
